
Microsoft Visual Studio Solution File, Format Version 12.00
# Visual Studio Version 16
VisualStudioVersion = 16.0.29123.88
MinimumVisualStudioVersion = 10.0.40219.1
Project("{FAE04EC0-301F-11D3-BF4B-00C04F79EFBC}") = "Lab_1", "Lab_1.csproj", "{9F05BAFB-DB06-403E-8C86-A36BC6412F1B}"
EndProject
Global
	GlobalSection(SolutionConfigurationPlatforms) = preSolution
		Debug|Any CPU = Debug|Any CPU
		Release|Any CPU = Release|Any CPU
	EndGlobalSection
	GlobalSection(ProjectConfigurationPlatforms) = postSolution
		{9F05BAFB-DB06-403E-8C86-A36BC6412F1B}.Debug|Any CPU.ActiveCfg = Debug|Any CPU
		{9F05BAFB-DB06-403E-8C86-A36BC6412F1B}.Debug|Any CPU.Build.0 = Debug|Any CPU
		{9F05BAFB-DB06-403E-8C86-A36BC6412F1B}.Release|Any CPU.ActiveCfg = Release|Any CPU
		{9F05BAFB-DB06-403E-8C86-A36BC6412F1B}.Release|Any CPU.Build.0 = Release|Any CPU
	EndGlobalSection
	GlobalSection(SolutionProperties) = preSolution
		HideSolutionNode = FALSE
	EndGlobalSection
	GlobalSection(ExtensibilityGlobals) = postSolution
		SolutionGuid = {B1264391-D00C-4F77-94DD-43D113BDCFE6}
	EndGlobalSection
EndGlobal
